Microsoft Visual Studio Solution File, Format Version 12.00
# Visual Studio 2012
VisualStudioVersion = 12.0.0.0
MinimumVisualStudioVersion = 10.0.0.1
Project("{FAE04EC0-301F-11D3-BF4B-00C04F79EFBC}") = "Finbourne.Notifications.Sdk", "Finbourne.Notifications.Sdk\Finbourne.Notifications.Sdk.csproj", "B7B63DA8-4A51-45B1-A389-B1427246E439"
EndProject
Project("{FAE04EC0-301F-11D3-BF4B-00C04F79EFBC}") = "Finbourne.Notifications.Sdk.Tests", "Finbourne.Notifications.Sdk.Tests\Finbourne.Notifications.Sdk.Tests.csproj", "{75514A37-F3A0-4F60-A6E4-0766600B5F5F}"
EndProject
Project("{FAE04EC0-301F-11D3-BF4B-00C04F79EFBC}") = "Finbourne.Notifications.Sdk.IntegrationTests", "Finbourne.Notifications.Sdk.IntegrationTests\Finbourne.Notifications.Sdk.IntegrationTests.csproj", "{7EF16F6D-2AE7-4AE5-B708-8714518D3160}"
EndProject
Global
	GlobalSection(SolutionConfigurationPlatforms) = preSolution
		Debug|Any CPU = Debug|Any CPU
		Release|Any CPU = Release|Any CPU
	EndGlobalSection
	GlobalSection(ProjectConfigurationPlatforms) = postSolution
		B7B63DA8-4A51-45B1-A389-B1427246E439.Debug|Any CPU.ActiveCfg = Debug|Any CPU
		B7B63DA8-4A51-45B1-A389-B1427246E439.Debug|Any CPU.Build.0 = Debug|Any CPU
		B7B63DA8-4A51-45B1-A389-B1427246E439.Release|Any CPU.ActiveCfg = Release|Any CPU
		B7B63DA8-4A51-45B1-A389-B1427246E439.Release|Any CPU.Build.0 = Release|Any CPU
		{19F1DEBC-DE5E-4517-8062-F000CD499087}.Debug|Any CPU.ActiveCfg = Debug|Any CPU
		{19F1DEBC-DE5E-4517-8062-F000CD499087}.Debug|Any CPU.Build.0 = Debug|Any CPU
		{19F1DEBC-DE5E-4517-8062-F000CD499087}.Release|Any CPU.ActiveCfg = Release|Any CPU
		{19F1DEBC-DE5E-4517-8062-F000CD499087}.Release|Any CPU.Build.0 = Release|Any CPU
		{75514A37-F3A0-4F60-A6E4-0766600B5F5F}.Debug|Any CPU.ActiveCfg = Debug|Any CPU
		{75514A37-F3A0-4F60-A6E4-0766600B5F5F}.Debug|Any CPU.Build.0 = Debug|Any CPU
		{75514A37-F3A0-4F60-A6E4-0766600B5F5F}.Release|Any CPU.ActiveCfg = Release|Any CPU
		{75514A37-F3A0-4F60-A6E4-0766600B5F5F}.Release|Any CPU.Build.0 = Release|Any CPU
		{7EF16F6D-2AE7-4AE5-B708-8714518D3160}.Debug|Any CPU.ActiveCfg = Debug|Any CPU
		{7EF16F6D-2AE7-4AE5-B708-8714518D3160}.Debug|Any CPU.Build.0 = Debug|Any CPU
		{7EF16F6D-2AE7-4AE5-B708-8714518D3160}.Release|Any CPU.ActiveCfg = Release|Any CPU
		{7EF16F6D-2AE7-4AE5-B708-8714518D3160}.Release|Any CPU.Build.0 = Release|Any CPU
	EndGlobalSection
	GlobalSection(SolutionProperties) = preSolution
		HideSolutionNode = FALSE
	EndGlobalSection
EndGlobal
